{
  "name": "front",
  "lockfileVersion": 2,
  "requires": true,
  "packages": {
    "": {
      "dependencies": {
        "vue-iamport": "^0.1.2"
      }
    },
    "node_modules/vue-iamport": {
      "version": "0.1.2",
      "resolved": "https://registry.npmjs.org/vue-iamport/-/vue-iamport-0.1.2.tgz",
      "integrity": "sha512-782E5m07sIFzMjz0WGGazNaRwkTcaGYlfmd+/ZcZDbWxt8jE+PofX7M+0Ern4IMo59fj4FB7994VhpU2guooOA==",
      "deprecated": "Package no longer supported. Use at your own risk."
    }
  },
  "dependencies": {
    "vue-iamport": {
      "version": "0.1.2",
      "resolved": "https://registry.npmjs.org/vue-iamport/-/vue-iamport-0.1.2.tgz",
      "integrity": "sha512-782E5m07sIFzMjz0WGGazNaRwkTcaGYlfmd+/ZcZDbWxt8jE+PofX7M+0Ern4IMo59fj4FB7994VhpU2guooOA=="
    }
  }
}
